// !$*UTF8*$!
{
	archiveVersion = 1;
	classes = {
	};
	objectVersion = 46;
	objects = {

/* Begin PBXBuildFile section */
		503DC2DAA9F055F79A666DCD /* Pods_Flicks.framework in Frameworks */ = {isa = PBXBuildFile; fileRef = 32FB27E2834AF1BABB92ED1C /* Pods_Flicks.framework */; };
		8E193FE11E415FAB00510938 /* description.swift in Sources */ = {isa = PBXBuildFile; fileRef = 8E193FE01E415FAB00510938 /* description.swift */; };
		8E610C641E403FCD0048B7A7 /* AppDelegate.swift in Sources */ = {isa = PBXBuildFile; fileRef = 8E610C631E403FCD0048B7A7 /* AppDelegate.swift */; };
		8E610C691E403FCD0048B7A7 /* Main.storyboard in Resources */ = {isa = PBXBuildFile; fileRef = 8E610C671E403FCD0048B7A7 /* Main.storyboard */; };
		8E610C6B1E403FCD0048B7A7 /* Assets.xcassets in Resources */ = {isa = PBXBuildFile; fileRef = 8E610C6A1E403FCD0048B7A7 /* Assets.xcassets */; };
		8E610C6E1E403FCD0048B7A7 /* LaunchScreen.storyboard in Resources */ = {isa = PBXBuildFile; fileRef = 8E610C6C1E403FCD0048B7A7 /* LaunchScreen.storyboard */; };
		8E610C761E403FEB0048B7A7 /* MovieViewController.swift in Sources */ = {isa = PBXBuildFile; fileRef = 8E610C751E403FEB0048B7A7 /* MovieViewController.swift */; };
		8E610C791E40535D0048B7A7 /* MovieCell.swift in Sources */ = {isa = PBXBuildFile; fileRef = 8E610C781E40535D0048B7A7 /* MovieCell.swift */; };
		8ECC17E01E47C4B30071D61D /* CollectionViewController.swift in Sources */ = {isa = PBXBuildFile; fileRef = 8ECC17DF1E47C4B30071D61D /* CollectionViewController.swift */; };
		8ECC17E21E47CEFC0071D61D /* CollectionCell.swift in Sources */ = {isa = PBXBuildFile; fileRef = 8ECC17E11E47CEFC0071D61D /* CollectionCell.swift */; };
/* End PBXBuildFile section */

/* Begin PBXFileReference section */
		32FB27E2834AF1BABB92ED1C /* Pods_Flicks.framework */ = {isa = PBXFileReference; explicitFileType = wrapper.framework; includeInIndex = 0; path = Pods_Flicks.framework; sourceTree = BUILT_PRODUCTS_DIR; };
		8E193FE01E415FAB00510938 /* description.swift */ = {isa = PBXFileReference; fileEncoding = 4; lastKnownFileType = sourcecode.swift; path = description.swift; sourceTree = "<group>"; };
		8E610C601E403FCD0048B7A7 /* Flicks.app */ = {isa = PBXFileReference; explicitFileType = wrapper.application; includeInIndex = 0; path = Flicks.app; sourceTree = BUILT_PRODUCTS_DIR; };
		8E610C631E403FCD0048B7A7 /* AppDelegate.swift */ = {isa = PBXFileReference; lastKnownFileType = sourcecode.swift; path = AppDelegate.swift; sourceTree = "<group>"; };
		8E610C681E403FCD0048B7A7 /* Base */ = {isa = PBXFileReference; lastKnownFileType = file.storyboard; name = Base; path = Base.lproj/Main.storyboard; sourceTree = "<group>"; };
		8E610C6A1E403FCD0048B7A7 /* Assets.xcassets */ = {isa = PBXFileReference; lastKnownFileType = folder.assetcatalog; path = Assets.xcassets; sourceTree = "<group>"; };
		8E610C6D1E403FCD0048B7A7 /* Base */ = {isa = PBXFileReference; lastKnownFileType = file.storyboard; name = Base; path = Base.lproj/LaunchScreen.storyboard; sourceTree = "<group>"; };
		8E610C6F1E403FCD0048B7A7 /* Info.plist */ = {isa = PBXFileReference; lastKnownFileType = text.plist.xml; path = Info.plist; sourceTree = "<group>"; };
		8E610C751E403FEB0048B7A7 /* MovieViewController.swift */ = {isa = PBXFileReference; fileEncoding = 4; lastKnownFileType = sourcecode.swift; name = MovieViewController.swift; path = Flicks/MovieViewController.swift; sourceTree = "<group>"; };
		8E610C781E40535D0048B7A7 /* MovieCell.swift */ = {isa = PBXFileReference; fileEncoding = 4; lastKnownFileType = sourcecode.swift; path = MovieCell.swift; sourceTree = "<group>"; };
		8ECC17DF1E47C4B30071D61D /* CollectionViewController.swift */ = {isa = PBXFileReference; fileEncoding = 4; lastKnownFileType = sourcecode.swift; name = CollectionViewController.swift; path = Flicks/CollectionViewController.swift; sourceTree = "<group>"; };
		8ECC17E11E47CEFC0071D61D /* CollectionCell.swift */ = {isa = PBXFileReference; fileEncoding = 4; lastKnownFileType = sourcecode.swift; path = CollectionCell.swift; sourceTree = "<group>"; };
		A9C67CF199BA5DBB1BE43614 /* Pods-Flicks.release.xcconfig */ = {isa = PBXFileReference; includeInIndex = 1; lastKnownFileType = text.xcconfig; name = "Pods-Flicks.release.xcconfig"; path = "Pods/Target Support Files/Pods-Flicks/Pods-Flicks.release.xcconfig"; sourceTree = "<group>"; };
		FE4C65CF50215697EAE698D8 /* Pods-Flicks.debug.xcconfig */ = {isa = PBXFileReference; includeInIndex = 1; lastKnownFileType = text.xcconfig; name = "Pods-Flicks.debug.xcconfig"; path = "Pods/Target Support Files/Pods-Flicks/Pods-Flicks.debug.xcconfig"; sourceTree = "<group>"; };
/* End PBXFileReference section */

/* Begin PBXFrameworksBuildPhase section */
		8E610C5D1E403FCD0048B7A7 /* Frameworks */ = {
			isa = PBXFrameworksBuildPhase;
			buildActionMask = 2147483647;
			files = (
				503DC2DAA9F055F79A666DCD /* Pods_Flicks.framework in Frameworks */,
			);
			runOnlyForDeploymentPostprocessing = 0;
		};
/* End PBXFrameworksBuildPhase section */

/* Begin PBXGroup section */
		8E610C571E403FCD0048B7A7 = {
			isa = PBXGroup;
			children = (
				8E610C7A1E4053730048B7A7 /* view controllers */,
				8E610C771E4053010048B7A7 /* Views */,
				8E610C621E403FCD0048B7A7 /* Flicks */,
				8E610C611E403FCD0048B7A7 /* Products */,
				B33D5DA88EDA94A2B55FF954 /* Pods */,
				D98E64F463C2E96E7873504D /* Frameworks */,
			);
			sourceTree = "<group>";
		};
		8E610C611E403FCD0048B7A7 /* Products */ = {
			isa = PBXGroup;
			children = (
				8E610C601E403FCD0048B7A7 /* Flicks.app */,
			);
			name = Products;
			sourceTree = "<group>";
		};
		8E610C621E403FCD0048B7A7 /* Flicks */ = {
			isa = PBXGroup;
			children = (
				8E610C631E403FCD0048B7A7 /* AppDelegate.swift */,
				8E610C671E403FCD0048B7A7 /* Main.storyboard */,
				8E610C6A1E403FCD0048B7A7 /* Assets.xcassets */,
				8E610C6C1E403FCD0048B7A7 /* LaunchScreen.storyboard */,
				8E610C6F1E403FCD0048B7A7 /* Info.plist */,
				8E193FE01E415FAB00510938 /* description.swift */,
			);
			path = Flicks;
			sourceTree = "<group>";
		};
		8E610C771E4053010048B7A7 /* Views */ = {
			isa = PBXGroup;
			children = (
				8E610C781E40535D0048B7A7 /* MovieCell.swift */,
				8ECC17E11E47CEFC0071D61D /* CollectionCell.swift */,
			);
			name = Views;
			sourceTree = "<group>";
		};
		8E610C7A1E4053730048B7A7 /* view controllers */ = {
			isa = PBXGroup;
			children = (
				8ECC17DF1E47C4B30071D61D /* CollectionViewController.swift */,
				8E610C751E403FEB0048B7A7 /* MovieViewController.swift */,
			);
			name = "view controllers";
			sourceTree = "<group>";
		};
		B33D5DA88EDA94A2B55FF954 /* Pods */ = {
			isa = PBXGroup;
			children = (
				FE4C65CF50215697EAE698D8 /* Pods-Flicks.debug.xcconfig */,
				A9C67CF199BA5DBB1BE43614 /* Pods-Flicks.release.xcconfig */,
			);
			name = Pods;
			sourceTree = "<group>";
		};
		D98E64F463C2E96E7873504D /* Frameworks */ = {
			isa = PBXGroup;
			children = (
				32FB27E2834AF1BABB92ED1C /* Pods_Flicks.framework */,
			);
			name = Frameworks;
			sourceTree = "<group>";
		};
/* End PBXGroup section */

/* Begin PBXNativeTarget section */
		8E610C5F1E403FCD0048B7A7 /* Flicks */ = {
			isa = PBXNativeTarget;
			buildConfigurationList = 8E610C721E403FCD0048B7A7 /* Build configuration list for PBXNativeTarget "Flicks" */;
			buildPhases = (
				2FAC26E8EAD7DD01B6E35885 /* [CP] Check Pods Manifest.lock */,
				8E610C5C1E403FCD0048B7A7 /* Sources */,
				8E610C5D1E403FCD0048B7A7 /* Frameworks */,
				8E610C5E1E403FCD0048B7A7 /* Resources */,
				B8098CA2D67E917BF077780B /* [CP] Embed Pods Frameworks */,
				82B8347488BDA0EFBECB8AA9 /* [CP] Copy Pods Resources */,
			);
			buildRules = (
			);
			dependencies = (
			);
			name = Flicks;
			productName = Flicks;
			productReference = 8E610C601E403FCD0048B7A7 /* Flicks.app */;
			productType = "com.apple.product-type.application";
		};
/* End PBXNativeTarget section */

/* Begin PBXProject section */
		8E610C581E403FCD0048B7A7 /* Project object */ = {
			isa = PBXProject;
			attributes = {
				LastSwiftUpdateCheck = 0820;
				LastUpgradeCheck = 0820;
				ORGANIZATIONNAME = "Kuan-Ting Wu (Arthur Wu)";
				TargetAttributes = {
					8E610C5F1E403FCD0048B7A7 = {
						CreatedOnToolsVersion = 8.2.1;
						DevelopmentTeam = DKCXNRA86D;
						ProvisioningStyle = Automatic;
					};
				};
			};
			buildConfigurationList = 8E610C5B1E403FCD0048B7A7 /* Build configuration list for PBXProject "Flicks" */;
			compatibilityVersion = "Xcode 3.2";
			developmentRegion = English;
			hasScannedForEncodings = 0;
			knownRegions = (
				en,
				Base,
			);
			mainGroup = 8E610C571E403FCD0048B7A7;
			productRefGroup = 8E610C611E403FCD0048B7A7 /* Products */;
			projectDirPath = "";
			projectRoot = "";
			targets = (
				8E610C5F1E403FCD0048B7A7 /* Flicks */,
			);
		};
/* End PBXProject section */

/* Begin PBXResourcesBuildPhase section */
		8E610C5E1E403FCD0048B7A7 /* Resources */ = {
			isa = PBXResourcesBuildPhase;
			buildActionMask = 2147483647;
			files = (
				8E610C6E1E403FCD0048B7A7 /* LaunchScreen.storyboard in Resources */,
				8E610C6B1E403FCD0048B7A7 /* Assets.xcassets in Resources */,
				8E610C691E403FCD0048B7A7 /* Main.storyboard in Resources */,
			);
			runOnlyForDeploymentPostprocessing = 0;
		};
/* End PBXResourcesBuildPhase section */

/* Begin PBXShellScriptBuildPhase section */
		2FAC26E8EAD7DD01B6E35885 /* [CP] Check Pods Manifest.lock */ = {
			isa = PBXShellScriptBuildPhase;
			buildActionMask = 2147483647;
			files = (
			);
			inputPaths = (
			);
			name = "[CP] Check Pods Manifest.lock";
			outputPaths = (
			);
			runOnlyForDeploymentPostprocessing = 0;
			shellPath = /bin/sh;
			shellScript = "diff \"${PODS_ROOT}/../Podfile.lock\" \"${PODS_ROOT}/Manifest.lock\" > /dev/null\nif [ $? != 0 ] ; then\n    # print error to STDERR\n    echo \"error: The sandbox is not in sync with the Podfile.lock. Run 'pod install' or update your CocoaPods installation.\" >&2\n    exit 1\nfi\n";
			showEnvVarsInLog = 0;
		};
		82B8347488BDA0EFBECB8AA9 /* [CP] Copy Pods Resources */ = {
			isa = PBXShellScriptBuildPhase;
			buildActionMask = 2147483647;
			files = (
			);
			inputPaths = (
			);
			name = "[CP] Copy Pods Resources";
			outputPaths = (
			);
			runOnlyForDeploymentPostprocessing = 0;
			shellPath = /bin/sh;
			shellScript = "\"${SRCROOT}/Pods/Target Support Files/Pods-Flicks/Pods-Flicks-resources.sh\"\n";
			showEnvVarsInLog = 0;
		};
		B8098CA2D67E917BF077780B /* [CP] Embed Pods Frameworks */ = {
			isa = PBXShellScriptBuildPhase;
			buildActionMask = 2147483647;
			files = (
			);
			inputPaths = (
			);
			name = "[CP] Embed Pods Frameworks";
			outputPaths = (
			);
			runOnlyForDeploymentPostprocessing = 0;
			shellPath = /bin/sh;
			shellScript = "\"${SRCROOT}/Pods/Target Support Files/Pods-Flicks/Pods-Flicks-frameworks.sh\"\n";
			showEnvVarsInLog = 0;
		};
/* End PBXShellScriptBuildPhase section */

/* Begin PBXSourcesBuildPhase section */
		8E610C5C1E403FCD0048B7A7 /* Sources */ = {
			isa = PBXSourcesBuildPhase;
			buildActionMask = 2147483647;
			files = (
				8E193FE11E415FAB00510938 /* description.swift in Sources */,
				8E610C641E403FCD0048B7A7 /* AppDelegate.swift in Sources */,
				8E610C761E403FEB0048B7A7 /* MovieViewController.swift in Sources */,
				8E610C791E40535D0048B7A7 /* MovieCell.swift in Sources */,
				8ECC17E01E47C4B30071D61D /* CollectionViewController.swift in Sources */,
				8ECC17E21E47CEFC0071D61D /* CollectionCell.swift in Sources */,
			);
			runOnlyForDeploymentPostprocessing = 0;
		};
/* End PBXSourcesBuildPhase section */

/* Begin PBXVariantGroup section */
		8E610C671E403FCD0048B7A7 /* Main.storyboard */ = {
			isa = PBXVariantGroup;
			children = (
				8E610C681E403FCD0048B7A7 /* Base */,
			);
			name = Main.storyboard;
			sourceTree = "<group>";
		};
		8E610C6C1E403FCD0048B7A7 /* LaunchScreen.storyboard */ = {
			isa = PBXVariantGroup;
			children = (
				8E610C6D1E403FCD0048B7A7 /* Base */,
			);
			name = LaunchScreen.storyboard;
			sourceTree = "<group>";
		};
/* End PBXVariantGroup section */

/* Begin XCBuildConfiguration section */
		8E610C701E403FCD0048B7A7 /* Debug */ = {
			isa = XCBuildConfiguration;
			buildSettings = {
				ALWAYS_SEARCH_USER_PATHS = NO;
				CLANG_ANALYZER_NONNULL = YES;
				CLANG_CXX_LANGUAGE_STANDARD = "gnu++0x";
				CLANG_CXX_LIBRARY = "libc++";
				CLANG_ENABLE_MODULES = YES;
				CLANG_ENABLE_OBJC_ARC = YES;
				CLANG_WARN_BOOL_CONVERSION = YES;
				CLANG_WARN_CONSTANT_CONVERSION = YES;
				CLANG_WARN_DIRECT_OBJC_ISA_USAGE = YES_ERROR;
				CLANG_WARN_DOCUMENTATION_COMMENTS = YES;
				CLANG_WARN_EMPTY_BODY = YES;
				CLANG_WARN_ENUM_CONVERSION = YES;
				CLANG_WARN_INFINITE_RECURSION = YES;
				CLANG_WARN_INT_CONVERSION = YES;
				CLANG_WARN_OBJC_ROOT_CLASS = YES_ERROR;
				CLANG_WARN_SUSPICIOUS_MOVE = YES;
				CLANG_WARN_UNREACHABLE_CODE = YES;
				CLANG_WARN__DUPLICATE_METHOD_MATCH = YES;
				"CODE_SIGN_IDENTITY[sdk=iphoneos*]" = "iPhone Developer";
				COPY_PHASE_STRIP = NO;
				DEBUG_INFORMATION_FORMAT = dwarf;
				ENABLE_STRICT_OBJC_MSGSEND = YES;
				ENABLE_TESTABILITY = YES;
				GCC_C_LANGUAGE_STANDARD = gnu99;
				GCC_DYNAMIC_NO_PIC = NO;
				GCC_NO_COMMON_BLOCKS = YES;
				GCC_OPTIMIZATION_LEVEL = 0;
				GCC_PREPROCESSOR_DEFINITIONS = (
					"DEBUG=1",
					"$(inherited)",
				);
				GCC_WARN_64_TO_32_BIT_CONVERSION = YES;
				GCC_WARN_ABOUT_RETURN_TYPE = YES_ERROR;
				GCC_WARN_UNDECLARED_SELECTOR = YES;
				GCC_WARN_UNINITIALIZED_AUTOS = YES_AGGRESSIVE;
				GCC_WARN_UNUSED_FUNCTION = YES;
				GCC_WARN_UNUSED_VARIABLE = YES;
				IPHONEOS_DEPLOYMENT_TARGET = 10.2;
				MTL_ENABLE_DEBUG_INFO = YES;
				ONLY_ACTIVE_ARCH = YES;
				SDKROOT = iphoneos;
				SWIFT_ACTIVE_COMPILATION_CONDITIONS = DEBUG;
				SWIFT_OPTIMIZATION_LEVEL = "-Onone";
			};
			name = Debug;
		};
		8E610C711E403FCD0048B7A7 /* Release */ = {
			isa = XCBuildConfiguration;
			buildSettings = {
				ALWAYS_SEARCH_USER_PATHS = NO;
				CLANG_ANALYZER_NONNULL = YES;
				CLANG_CXX_LANGUAGE_STANDARD = "gnu++0x";
				CLANG_CXX_LIBRARY = "libc++";
				CLANG_ENABLE_MODULES = YES;
				CLANG_ENABLE_OBJC_ARC = YES;
				CLANG_WARN_BOOL_CONVERSION = YES;
				CLANG_WARN_CONSTANT_CONVERSION = YES;
				CLANG_WARN_DIRECT_OBJC_ISA_USAGE = YES_ERROR;
				CLANG_WARN_DOCUMENTATION_COMMENTS = YES;
				CLANG_WARN_EMPTY_BODY = YES;
				CLANG_WARN_ENUM_CONVERSION = YES;
				CLANG_WARN_INFINITE_RECURSION = YES;
				CLANG_WARN_INT_CONVERSION = YES;
				CLANG_WARN_OBJC_ROOT_CLASS = YES_ERROR;
				CLANG_WARN_SUSPICIOUS_MOVE = YES;
				CLANG_WARN_UNREACHABLE_CODE = YES;
				CLANG_WARN__DUPLICATE_METHOD_MATCH = YES;
				"CODE_SIGN_IDENTITY[sdk=iphoneos*]" = "iPhone Developer";
				COPY_PHASE_STRIP = NO;
				DEBUG_INFORMATION_FORMAT = "dwarf-with-dsym";
				ENABLE_NS_ASSERTIONS = NO;
				ENABLE_STRICT_OBJC_MSGSEND = YES;
				GCC_C_LANGUAGE_STANDARD = gnu99;
				GCC_NO_COMMON_BLOCKS = YES;
				GCC_WARN_64_TO_32_BIT_CONVERSION = YES;
				GCC_WARN_ABOUT_RETURN_TYPE = YES_ERROR;
				GCC_WARN_UNDECLARED_SELECTOR = YES;
				GCC_WARN_UNINITIALIZED_AUTOS = YES_AGGRESSIVE;
				GCC_WARN_UNUSED_FUNCTION = YES;
				GCC_WARN_UNUSED_VARIABLE = YES;
				IPHONEOS_DEPLOYMENT_TARGET = 10.2;
				MTL_ENABLE_DEBUG_INFO = NO;
				SDKROOT = iphoneos;
				SWIFT_OPTIMIZATION_LEVEL = "-Owholemodule";
				VALIDATE_PRODUCT = YES;
			};
			name = Release;
		};
		8E610C731E403FCD0048B7A7 /* Debug */ = {
			isa = XCBuildConfiguration;
			baseConfigurationReference = FE4C65CF50215697EAE698D8 /* Pods-Flicks.debug.xcconfig */;
			buildSettings = {
				ASSETCATALOG_COMPILER_APPICON_NAME = AppIcon;
				DEVELOPMENT_TEAM = DKCXNRA86D;
				INFOPLIST_FILE = Flicks/Info.plist;
				IPHONEOS_DEPLOYMENT_TARGET = 9.0;
				LD_RUNPATH_SEARCH_PATHS = "$(inherited) @executable_path/Frameworks";
				PRODUCT_BUNDLE_IDENTIFIER = "Kuan-Ting-Wu--Arthur-Wu-.Flicks";
				PRODUCT_NAME = "$(TARGET_NAME)";
				SWIFT_VERSION = 3.0;
			};
			name = Debug;
		};
		8E610C741E403FCD0048B7A7 /* Release */ = {
			isa = XCBuildConfiguration;
			baseConfigurationReference = A9C67CF199BA5DBB1BE43614 /* Pods-Flicks.release.xcconfig */;
			buildSettings = {
				ASSETCATALOG_COMPILER_APPICON_NAME = AppIcon;
				DEVELOPMENT_TEAM = DKCXNRA86D;
				INFOPLIST_FILE = Flicks/Info.plist;
				IPHONEOS_DEPLOYMENT_TARGET = 9.0;
				LD_RUNPATH_SEARCH_PATHS = "$(inherited) @executable_path/Frameworks";
				PRODUCT_BUNDLE_IDENTIFIER = "Kuan-Ting-Wu--Arthur-Wu-.Flicks";
				PRODUCT_NAME = "$(TARGET_NAME)";
				SWIFT_VERSION = 3.0;
			};
			name = Release;
		};
/* End XCBuildConfiguration section */

/* Begin XCConfigurationList section */
		8E610C5B1E403FCD0048B7A7 /* Build configuration list for PBXProject "Flicks" */ = {
			isa = XCConfigurationList;
			buildConfigurations = (
				8E610C701E403FCD0048B7A7 /* Debug */,
				8E610C711E403FCD0048B7A7 /* Release */,
			);
			defaultConfigurationIsVisible = 0;
			defaultConfigurationName = Release;
		};
		8E610C721E403FCD0048B7A7 /* Build configuration list for PBXNativeTarget "Flicks" */ = {
			isa = XCConfigurationList;
			buildConfigurations = (
				8E610C731E403FCD0048B7A7 /* Debug */,
				8E610C741E403FCD0048B7A7 /* Release */,
			);
			defaultConfigurationIsVisible = 0;
			defaultConfigurationName = Release;
		};
/* End XCConfigurationList section */
	};
	rootObject = 8E610C581E403FCD0048B7A7 /* Project object */;
}
